
Microsoft Visual Studio Solution File, Format Version 12.00
# Visual Studio 15
VisualStudioVersion = 15.0.28307.271
MinimumVisualStudioVersion = 10.0.40219.1
Project("{FAE04EC0-301F-11D3-BF4B-00C04F79EFBC}") = "Undoable", "Undoable\Undoable.csproj", "{7CB48F12-7B35-4F28-9725-D04092D4C50A}"
EndProject
Global
	GlobalSection(SolutionConfigurationPlatforms) = preSolution
		Debug|Any CPU = Debug|Any CPU
		Release|Any CPU = Release|Any CPU
	EndGlobalSection
	GlobalSection(ProjectConfigurationPlatforms) = postSolution
		{7CB48F12-7B35-4F28-9725-D04092D4C50A}.Debug|Any CPU.ActiveCfg = Debug|Any CPU
		{7CB48F12-7B35-4F28-9725-D04092D4C50A}.Debug|Any CPU.Build.0 = Debug|Any CPU
		{7CB48F12-7B35-4F28-9725-D04092D4C50A}.Release|Any CPU.ActiveCfg = Release|Any CPU
		{7CB48F12-7B35-4F28-9725-D04092D4C50A}.Release|Any CPU.Build.0 = Release|Any CPU
	EndGlobalSection
	GlobalSection(SolutionProperties) = preSolution
		HideSolutionNode = FALSE
	EndGlobalSection
	GlobalSection(ExtensibilityGlobals) = postSolution
		SolutionGuid = {2D022C19-A452-4B9F-88C7-5562B98DEB74}
	EndGlobalSection
EndGlobal
